{
  "name": "agentic-doc-governance-kit",
  "version": "0.1.2",
  "lockfileVersion": 3,
  "requires": true,
  "packages": {
    "": {
      "name": "agentic-doc-governance-kit",
      "version": "0.1.2",
      "license": "MIT",
      "bin": {
        "agentic-doc-governance": "bin/agentic-doc-governance.mjs"
      },
      "engines": {
        "node": ">=18.17"
      }
    }
  }
}
